// !$*UTF8*$!
{
	archiveVersion = 1;
	classes = {
	};
	objectVersion = 77;
	objects = {

/* Begin PBXBuildFile section */
		FAC5DB252CB018C00006C776 /* QuizViewController.swift in Sources */ = {isa = PBXBuildFile; fileRef = FAC5DB242CB018C00006C776 /* QuizViewController.swift */; };
/* End PBXBuildFile section */

/* Begin PBXContainerItemProxy section */
		FA665B4D2CAD737600095C39 /* PBXContainerItemProxy */ = {
			isa = PBXContainerItemProxy;
			containerPortal = FA665B2B2CAD737300095C39 /* Project object */;
			proxyType = 1;
			remoteGlobalIDString = FA665B322CAD737300095C39;
			remoteInfo = ClassmateAppGruper;
		};
		FA665B572CAD737600095C39 /* PBXContainerItemProxy */ = {
			isa = PBXContainerItemProxy;
			containerPortal = FA665B2B2CAD737300095C39 /* Project object */;
			proxyType = 1;
			remoteGlobalIDString = FA665B322CAD737300095C39;
			remoteInfo = ClassmateAppGruper;
		};
/* End PBXContainerItemProxy section */

/* Begin PBXFileReference section */
		FA665B332CAD737300095C39 /* ClassmateAppGruper.app */ = {isa = PBXFileReference; explicitFileType = wrapper.application; includeInIndex = 0; path = ClassmateAppGruper.app; sourceTree = BUILT_PRODUCTS_DIR; };
		FA665B4C2CAD737600095C39 /* ClassmateAppGruperTests.xctest */ = {isa = PBXFileReference; explicitFileType = wrapper.cfbundle; includeInIndex = 0; path = ClassmateAppGruperTests.xctest; sourceTree = BUILT_PRODUCTS_DIR; };
		FA665B562CAD737600095C39 /* ClassmateAppGruperUITests.xctest */ = {isa = PBXFileReference; explicitFileType = wrapper.cfbundle; includeInIndex = 0; path = ClassmateAppGruperUITests.xctest; sourceTree = BUILT_PRODUCTS_DIR; };
		FAC5DB242CB018C00006C776 /* QuizViewController.swift */ = {isa = PBXFileReference; lastKnownFileType = sourcecode.swift; path = QuizViewController.swift; sourceTree = "<group>"; };
/* End PBXFileReference section */

/* Begin PBXFileSystemSynchronizedBuildFileExceptionSet section */
		FA665B5E2CAD737600095C39 /* Exceptions for "ClassmateAppGruper" folder in "ClassmateAppGruper" target */ = {
			isa = PBXFileSystemSynchronizedBuildFileExceptionSet;
			membershipExceptions = (
				Info.plist,
			);
			target = FA665B322CAD737300095C39 /* ClassmateAppGruper */;
		};
/* End PBXFileSystemSynchronizedBuildFileExceptionSet section */

/* Begin PBXFileSystemSynchronizedRootGroup section */
		FA665B352CAD737300095C39 /* ClassmateAppGruper */ = {
			isa = PBXFileSystemSynchronizedRootGroup;
			exceptions = (
				FA665B5E2CAD737600095C39 /* Exceptions for "ClassmateAppGruper" folder in "ClassmateAppGruper" target */,
			);
			path = ClassmateAppGruper;
			sourceTree = "<group>";
		};
		FA665B4F2CAD737600095C39 /* ClassmateAppGruperTests */ = {
			isa = PBXFileSystemSynchronizedRootGroup;
			path = ClassmateAppGruperTests;
			sourceTree = "<group>";
		};
		FA665B592CAD737600095C39 /* ClassmateAppGruperUITests */ = {
			isa = PBXFileSystemSynchronizedRootGroup;
			path = ClassmateAppGruperUITests;
			sourceTree = "<group>";
		};
/* End PBXFileSystemSynchronizedRootGroup section */

/* Begin PBXFrameworksBuildPhase section */
		FA665B302CAD737300095C39 /* Frameworks */ = {
			isa = PBXFrameworksBuildPhase;
			buildActionMask = 2147483647;
			files = (
			);
			runOnlyForDeploymentPostprocessing = 0;
		};
		FA665B492CAD737600095C39 /* Frameworks */ = {
			isa = PBXFrameworksBuildPhase;
			buildActionMask = 2147483647;
			files = (
			);
			runOnlyForDeploymentPostprocessing = 0;
		};
		FA665B532CAD737600095C39 /* Frameworks */ = {
			isa = PBXFrameworksBuildPhase;
			buildActionMask = 2147483647;
			files = (
			);
			runOnlyForDeploymentPostprocessing = 0;
		};
/* End PBXFrameworksBuildPhase section */

/* Begin PBXGroup section */
		FA665B2A2CAD737300095C39 = {
			isa = PBXGroup;
			children = (
				FAC5DB242CB018C00006C776 /* QuizViewController.swift */,
				FA665B352CAD737300095C39 /* ClassmateAppGruper */,
				FA665B4F2CAD737600095C39 /* ClassmateAppGruperTests */,
				FA665B592CAD737600095C39 /* ClassmateAppGruperUITests */,
				FA665B342CAD737300095C39 /* Products */,
			);
			sourceTree = "<group>";
		};
		FA665B342CAD737300095C39 /* Products */ = {
			isa = PBXGroup;
			children = (
				FA665B332CAD737300095C39 /* ClassmateAppGruper.app */,
				FA665B4C2CAD737600095C39 /* ClassmateAppGruperTests.xctest */,
				FA665B562CAD737600095C39 /* ClassmateAppGruperUITests.xctest */,
			);
			name = Products;
			sourceTree = "<group>";
		};
/* End PBXGroup section */

/* Begin PBXNativeTarget section */
		FA665B322CAD737300095C39 /* ClassmateAppGruper */ = {
			isa = PBXNativeTarget;
			buildConfigurationList = FA665B5F2CAD737600095C39 /* Build configuration list for PBXNativeTarget "ClassmateAppGruper" */;
			buildPhases = (
				FA665B2F2CAD737300095C39 /* Sources */,
				FA665B302CAD737300095C39 /* Frameworks */,
				FA665B312CAD737300095C39 /* Resources */,
			);
			buildRules = (
			);
			dependencies = (
			);
			fileSystemSynchronizedGroups = (
				FA665B352CAD737300095C39 /* ClassmateAppGruper */,
			);
			name = ClassmateAppGruper;
			packageProductDependencies = (
			);
			productName = ClassmateAppGruper;
			productReference = FA665B332CAD737300095C39 /* ClassmateAppGruper.app */;
			productType = "com.apple.product-type.application";
		};
		FA665B4B2CAD737600095C39 /* ClassmateAppGruperTests */ = {
			isa = PBXNativeTarget;
			buildConfigurationList = FA665B642CAD737600095C39 /* Build configuration list for PBXNativeTarget "ClassmateAppGruperTests" */;
			buildPhases = (
				FA665B482CAD737600095C39 /* Sources */,
				FA665B492CAD737600095C39 /* Frameworks */,
				FA665B4A2CAD737600095C39 /* Resources */,
			);
			buildRules = (
			);
			dependencies = (
				FA665B4E2CAD737600095C39 /* PBXTargetDependency */,
			);
			fileSystemSynchronizedGroups = (
				FA665B4F2CAD737600095C39 /* ClassmateAppGruperTests */,
			);
			name = ClassmateAppGruperTests;
			packageProductDependencies = (
			);
			productName = ClassmateAppGruperTests;
			productReference = FA665B4C2CAD737600095C39 /* ClassmateAppGruperTests.xctest */;
			productType = "com.apple.product-type.bundle.unit-test";
		};
		FA665B552CAD737600095C39 /* ClassmateAppGruperUITests */ = {
			isa = PBXNativeTarget;
			buildConfigurationList = FA665B672CAD737600095C39 /* Build configuration list for PBXNativeTarget "ClassmateAppGruperUITests" */;
			buildPhases = (
				FA665B522CAD737600095C39 /* Sources */,
				FA665B532CAD737600095C39 /* Frameworks */,
				FA665B542CAD737600095C39 /* Resources */,
			);
			buildRules = (
			);
			dependencies = (
				FA665B582CAD737600095C39 /* PBXTargetDependency */,
			);
			fileSystemSynchronizedGroups = (
				FA665B592CAD737600095C39 /* ClassmateAppGruperUITests */,
			);
			name = ClassmateAppGruperUITests;
			packageProductDependencies = (
			);
			productName = ClassmateAppGruperUITests;
			productReference = FA665B562CAD737600095C39 /* ClassmateAppGruperUITests.xctest */;
			productType = "com.apple.product-type.bundle.ui-testing";
		};
/* End PBXNativeTarget section */

/* Begin PBXProject section */
		FA665B2B2CAD737300095C39 /* Project object */ = {
			isa = PBXProject;
			attributes = {
				BuildIndependentTargetsInParallel = 1;
				LastSwiftUpdateCheck = 1600;
				LastUpgradeCheck = 1600;
				TargetAttributes = {
					FA665B322CAD737300095C39 = {
						CreatedOnToolsVersion = 16.0;
					};
					FA665B4B2CAD737600095C39 = {
						CreatedOnToolsVersion = 16.0;
						TestTargetID = FA665B322CAD737300095C39;
					};
					FA665B552CAD737600095C39 = {
						CreatedOnToolsVersion = 16.0;
						TestTargetID = FA665B322CAD737300095C39;
					};
				};
			};
			buildConfigurationList = FA665B2E2CAD737300095C39 /* Build configuration list for PBXProject "ClassmateAppGruper" */;
			developmentRegion = en;
			hasScannedForEncodings = 0;
			knownRegions = (
				en,
				Base,
			);
			mainGroup = FA665B2A2CAD737300095C39;
			minimizedProjectReferenceProxies = 1;
			preferredProjectObjectVersion = 77;
			productRefGroup = FA665B342CAD737300095C39 /* Products */;
			projectDirPath = "";
			projectRoot = "";
			targets = (
				FA665B322CAD737300095C39 /* ClassmateAppGruper */,
				FA665B4B2CAD737600095C39 /* ClassmateAppGruperTests */,
				FA665B552CAD737600095C39 /* ClassmateAppGruperUITests */,
			);
		};
/* End PBXProject section */

/* Begin PBXResourcesBuildPhase section */
		FA665B312CAD737300095C39 /* Resources */ = {
			isa = PBXResourcesBuildPhase;
			buildActionMask = 2147483647;
			files = (
			);
			runOnlyForDeploymentPostprocessing = 0;
		};
		FA665B4A2CAD737600095C39 /* Resources */ = {
			isa = PBXResourcesBuildPhase;
			buildActionMask = 2147483647;
			files = (
			);
			runOnlyForDeploymentPostprocessing = 0;
		};
		FA665B542CAD737600095C39 /* Resources */ = {
			isa = PBXResourcesBuildPhase;
			buildActionMask = 2147483647;
			files = (
			);
			runOnlyForDeploymentPostprocessing = 0;
		};
/* End PBXResourcesBuildPhase section */

/* Begin PBXSourcesBuildPhase section */
		FA665B2F2CAD737300095C39 /* Sources */ = {
			isa = PBXSourcesBuildPhase;
			buildActionMask = 2147483647;
			files = (
				FAC5DB252CB018C00006C776 /* QuizViewController.swift in Sources */,
			);
			runOnlyForDeploymentPostprocessing = 0;
		};
		FA665B482CAD737600095C39 /* Sources */ = {
			isa = PBXSourcesBuildPhase;
			buildActionMask = 2147483647;
			files = (
			);
			runOnlyForDeploymentPostprocessing = 0;
		};
		FA665B522CAD737600095C39 /* Sources */ = {
			isa = PBXSourcesBuildPhase;
			buildActionMask = 2147483647;
			files = (
			);
			runOnlyForDeploymentPostprocessing = 0;
		};
/* End PBXSourcesBuildPhase section */

/* Begin PBXTargetDependency section */
		FA665B4E2CAD737600095C39 /* PBXTargetDependency */ = {
			isa = PBXTargetDependency;
			target = FA665B322CAD737300095C39 /* ClassmateAppGruper */;
			targetProxy = FA665B4D2CAD737600095C39 /* PBXContainerItemProxy */;
		};
		FA665B582CAD737600095C39 /* PBXTargetDependency */ = {
			isa = PBXTargetDependency;
			target = FA665B322CAD737300095C39 /* ClassmateAppGruper */;
			targetProxy = FA665B572CAD737600095C39 /* PBXContainerItemProxy */;
		};
/* End PBXTargetDependency section */

/* Begin XCBuildConfiguration section */
		FA665B602CAD737600095C39 /* Debug */ = {
			isa = XCBuildConfiguration;
			buildSettings = {
				ASSETCATALOG_COMPILER_APPICON_NAME = AppIcon;
				ASSETCATALOG_COMPILER_GLOBAL_ACCENT_COLOR_NAME = AccentColor;
				CODE_SIGN_STYLE = Automatic;
				CURRENT_PROJECT_VERSION = 1;
				DEVELOPMENT_TEAM = 9RK5649GTL;
				GENERATE_INFOPLIST_FILE = YES;
				INFOPLIST_FILE = ClassmateAppGruper/Info.plist;
				INFOPLIST_KEY_UIApplicationSupportsIndirectInputEvents = YES;
				INFOPLIST_KEY_UILaunchStoryboardName = LaunchScreen;
				INFOPLIST_KEY_UIMainStoryboardFile = Main;
				INFOPLIST_KEY_UISupportedInterfaceOrientations_iPad = "UIInterfaceOrientationPortrait UIInterfaceOrientationPortraitUpsideDown UIInterfaceOrientationLandscapeLeft UIInterfaceOrientationLandscapeRight";
				INFOPLIST_KEY_UISupportedInterfaceOrientations_iPhone = "UIInterfaceOrientationPortrait UIInterfaceOrientationLandscapeLeft UIInterfaceOrientationLandscapeRight";
				LD_RUNPATH_SEARCH_PATHS = (
					"$(inherited)",
					"@executable_path/Frameworks",
				);
				MARKETING_VERSION = 1.0;
				PRODUCT_BUNDLE_IDENTIFIER = clc.ClassmateAppGruper;
				PRODUCT_NAME = "$(TARGET_NAME)";
				SWIFT_EMIT_LOC_STRINGS = YES;
				SWIFT_VERSION = 5.0;
				TARGETED_DEVICE_FAMILY = "1,2";
			};
			name = Debug;
		};
		FA665B612CAD737600095C39 /* Release */ = {
			isa = XCBuildConfiguration;
			buildSettings = {
				ASSETCATALOG_COMPILER_APPICON_NAME = AppIcon;
				ASSETCATALOG_COMPILER_GLOBAL_ACCENT_COLOR_NAME = AccentColor;
				CODE_SIGN_STYLE = Automatic;
				CURRENT_PROJECT_VERSION = 1;
				DEVELOPMENT_TEAM = 9RK5649GTL;
				GENERATE_INFOPLIST_FILE = YES;
				INFOPLIST_FILE = ClassmateAppGruper/Info.plist;
				INFOPLIST_KEY_UIApplicationSupportsIndirectInputEvents = YES;
				INFOPLIST_KEY_UILaunchStoryboardName = LaunchScreen;
				INFOPLIST_KEY_UIMainStoryboardFile = Main;
				INFOPLIST_KEY_UISupportedInterfaceOrientations_iPad = "UIInterfaceOrientationPortrait UIInterfaceOrientationPortraitUpsideDown UIInterfaceOrientationLandscapeLeft UIInterfaceOrientationLandscapeRight";
				INFOPLIST_KEY_UISupportedInterfaceOrientations_iPhone = "UIInterfaceOrientationPortrait UIInterfaceOrientationLandscapeLeft UIInterfaceOrientationLandscapeRight";
				LD_RUNPATH_SEARCH_PATHS = (
					"$(inherited)",
					"@executable_path/Frameworks",
				);
				MARKETING_VERSION = 1.0;
				PRODUCT_BUNDLE_IDENTIFIER = clc.ClassmateAppGruper;
				PRODUCT_NAME = "$(TARGET_NAME)";
				SWIFT_EMIT_LOC_STRINGS = YES;
				SWIFT_VERSION = 5.0;
				TARGETED_DEVICE_FAMILY = "1,2";
			};
			name = Release;
		};
		FA665B622CAD737600095C39 /* Debug */ = {
			isa = XCBuildConfiguration;
			buildSettings = {
				ALWAYS_SEARCH_USER_PATHS = NO;
				ASSETCATALOG_COMPILER_GENERATE_SWIFT_ASSET_SYMBOL_EXTENSIONS = YES;
				CLANG_ANALYZER_NONNULL = YES;
				CLANG_ANALYZER_NUMBER_OBJECT_CONVERSION = YES_AGGRESSIVE;
				CLANG_CXX_LANGUAGE_STANDARD = "gnu++20";
				CLANG_ENABLE_MODULES = YES;
				CLANG_ENABLE_OBJC_ARC = YES;
				CLANG_ENABLE_OBJC_WEAK = YES;
				CLANG_WARN_BLOCK_CAPTURE_AUTORELEASING = YES;
				CLANG_WARN_BOOL_CONVERSION = YES;
				CLANG_WARN_COMMA = YES;
				CLANG_WARN_CONSTANT_CONVERSION = YES;
				CLANG_WARN_DEPRECATED_OBJC_IMPLEMENTATIONS = YES;
				CLANG_WARN_DIRECT_OBJC_ISA_USAGE = YES_ERROR;
				CLANG_WARN_DOCUMENTATION_COMMENTS = YES;
				CLANG_WARN_EMPTY_BODY = YES;
				CLANG_WARN_ENUM_CONVERSION = YES;
				CLANG_WARN_INFINITE_RECURSION = YES;
				CLANG_WARN_INT_CONVERSION = YES;
				CLANG_WARN_NON_LITERAL_NULL_CONVERSION = YES;
				CLANG_WARN_OBJC_IMPLICIT_RETAIN_SELF = YES;
				CLANG_WARN_OBJC_LITERAL_CONVERSION = YES;
				CLANG_WARN_OBJC_ROOT_CLASS = YES_ERROR;
				CLANG_WARN_QUOTED_INCLUDE_IN_FRAMEWORK_HEADER = YES;
				CLANG_WARN_RANGE_LOOP_ANALYSIS = YES;
				CLANG_WARN_STRICT_PROTOTYPES = YES;
				CLANG_WARN_SUSPICIOUS_MOVE = YES;
				CLANG_WARN_UNGUARDED_AVAILABILITY = YES_AGGRESSIVE;
				CLANG_WARN_UNREACHABLE_CODE = YES;
				CLANG_WARN__DUPLICATE_METHOD_MATCH = YES;
				COPY_PHASE_STRIP = NO;
				DEBUG_INFORMATION_FORMAT = dwarf;
				ENABLE_STRICT_OBJC_MSGSEND = YES;
				ENABLE_TESTABILITY = YES;
				ENABLE_USER_SCRIPT_SANDBOXING = YES;
				GCC_C_LANGUAGE_STANDARD = gnu17;
				GCC_DYNAMIC_NO_PIC = NO;
				GCC_NO_COMMON_BLOCKS = YES;
				GCC_OPTIMIZATION_LEVEL = 0;
				GCC_PREPROCESSOR_DEFINITIONS = (
					"DEBUG=1",
					"$(inherited)",
				);
				GCC_WARN_64_TO_32_BIT_CONVERSION = YES;
				GCC_WARN_ABOUT_RETURN_TYPE = YES_ERROR;
				GCC_WARN_UNDECLARED_SELECTOR = YES;
				GCC_WARN_UNINITIALIZED_AUTOS = YES_AGGRESSIVE;
				GCC_WARN_UNUSED_FUNCTION = YES;
				GCC_WARN_UNUSED_VARIABLE = YES;
				IPHONEOS_DEPLOYMENT_TARGET = 18.0;
				LOCALIZATION_PREFERS_STRING_CATALOGS = YES;
				MTL_ENABLE_DEBUG_INFO = INCLUDE_SOURCE;
				MTL_FAST_MATH = YES;
				ONLY_ACTIVE_ARCH = YES;
				SDKROOT = iphoneos;
				SWIFT_ACTIVE_COMPILATION_CONDITIONS = "DEBUG $(inherited)";
				SWIFT_OPTIMIZATION_LEVEL = "-Onone";
			};
			name = Debug;
		};
		FA665B632CAD737600095C39 /* Release */ = {
			isa = XCBuildConfiguration;
			buildSettings = {
				ALWAYS_SEARCH_USER_PATHS = NO;
				ASSETCATALOG_COMPILER_GENERATE_SWIFT_ASSET_SYMBOL_EXTENSIONS = YES;
				CLANG_ANALYZER_NONNULL = YES;
				CLANG_ANALYZER_NUMBER_OBJECT_CONVERSION = YES_AGGRESSIVE;
				CLANG_CXX_LANGUAGE_STANDARD = "gnu++20";
				CLANG_ENABLE_MODULES = YES;
				CLANG_ENABLE_OBJC_ARC = YES;
				CLANG_ENABLE_OBJC_WEAK = YES;
				CLANG_WARN_BLOCK_CAPTURE_AUTORELEASING = YES;
				CLANG_WARN_BOOL_CONVERSION = YES;
				CLANG_WARN_COMMA = YES;
				CLANG_WARN_CONSTANT_CONVERSION = YES;
				CLANG_WARN_DEPRECATED_OBJC_IMPLEMENTATIONS = YES;
				CLANG_WARN_DIRECT_OBJC_ISA_USAGE = YES_ERROR;
				CLANG_WARN_DOCUMENTATION_COMMENTS = YES;
				CLANG_WARN_EMPTY_BODY = YES;
				CLANG_WARN_ENUM_CONVERSION = YES;
				CLANG_WARN_INFINITE_RECURSION = YES;
				CLANG_WARN_INT_CONVERSION = YES;
				CLANG_WARN_NON_LITERAL_NULL_CONVERSION = YES;
				CLANG_WARN_OBJC_IMPLICIT_RETAIN_SELF = YES;
				CLANG_WARN_OBJC_LITERAL_CONVERSION = YES;
				CLANG_WARN_OBJC_ROOT_CLASS = YES_ERROR;
				CLANG_WARN_QUOTED_INCLUDE_IN_FRAMEWORK_HEADER = YES;
				CLANG_WARN_RANGE_LOOP_ANALYSIS = YES;
				CLANG_WARN_STRICT_PROTOTYPES = YES;
				CLANG_WARN_SUSPICIOUS_MOVE = YES;
				CLANG_WARN_UNGUARDED_AVAILABILITY = YES_AGGRESSIVE;
				CLANG_WARN_UNREACHABLE_CODE = YES;
				CLANG_WARN__DUPLICATE_METHOD_MATCH = YES;
				COPY_PHASE_STRIP = NO;
				DEBUG_INFORMATION_FORMAT = "dwarf-with-dsym";
				ENABLE_NS_ASSERTIONS = NO;
				ENABLE_STRICT_OBJC_MSGSEND = YES;
				ENABLE_USER_SCRIPT_SANDBOXING = YES;
				GCC_C_LANGUAGE_STANDARD = gnu17;
				GCC_NO_COMMON_BLOCKS = YES;
				GCC_WARN_64_TO_32_BIT_CONVERSION = YES;
				GCC_WARN_ABOUT_RETURN_TYPE = YES_ERROR;
				GCC_WARN_UNDECLARED_SELECTOR = YES;
				GCC_WARN_UNINITIALIZED_AUTOS = YES_AGGRESSIVE;
				GCC_WARN_UNUSED_FUNCTION = YES;
				GCC_WARN_UNUSED_VARIABLE = YES;
				IPHONEOS_DEPLOYMENT_TARGET = 18.0;
				LOCALIZATION_PREFERS_STRING_CATALOGS = YES;
				MTL_ENABLE_DEBUG_INFO = NO;
				MTL_FAST_MATH = YES;
				SDKROOT = iphoneos;
				SWIFT_COMPILATION_MODE = wholemodule;
				VALIDATE_PRODUCT = YES;
			};
			name = Release;
		};
		FA665B652CAD737600095C39 /* Debug */ = {
			isa = XCBuildConfiguration;
			buildSettings = {
				BUNDLE_LOADER = "$(TEST_HOST)";
				CODE_SIGN_STYLE = Automatic;
				CURRENT_PROJECT_VERSION = 1;
				DEVELOPMENT_TEAM = 9RK5649GTL;
				GENERATE_INFOPLIST_FILE = YES;
				IPHONEOS_DEPLOYMENT_TARGET = 18.0;
				MARKETING_VERSION = 1.0;
				PRODUCT_BUNDLE_IDENTIFIER = clc.ClassmateAppGruperTests;
				PRODUCT_NAME = "$(TARGET_NAME)";
				SWIFT_EMIT_LOC_STRINGS = NO;
				SWIFT_VERSION = 5.0;
				TARGETED_DEVICE_FAMILY = "1,2";
				TEST_HOST = "$(BUILT_PRODUCTS_DIR)/ClassmateAppGruper.app/$(BUNDLE_EXECUTABLE_FOLDER_PATH)/ClassmateAppGruper";
			};
			name = Debug;
		};
		FA665B662CAD737600095C39 /* Release */ = {
			isa = XCBuildConfiguration;
			buildSettings = {
				BUNDLE_LOADER = "$(TEST_HOST)";
				CODE_SIGN_STYLE = Automatic;
				CURRENT_PROJECT_VERSION = 1;
				DEVELOPMENT_TEAM = 9RK5649GTL;
				GENERATE_INFOPLIST_FILE = YES;
				IPHONEOS_DEPLOYMENT_TARGET = 18.0;
				MARKETING_VERSION = 1.0;
				PRODUCT_BUNDLE_IDENTIFIER = clc.ClassmateAppGruperTests;
				PRODUCT_NAME = "$(TARGET_NAME)";
				SWIFT_EMIT_LOC_STRINGS = NO;
				SWIFT_VERSION = 5.0;
				TARGETED_DEVICE_FAMILY = "1,2";
				TEST_HOST = "$(BUILT_PRODUCTS_DIR)/ClassmateAppGruper.app/$(BUNDLE_EXECUTABLE_FOLDER_PATH)/ClassmateAppGruper";
			};
			name = Release;
		};
		FA665B682CAD737600095C39 /* Debug */ = {
			isa = XCBuildConfiguration;
			buildSettings = {
				CODE_SIGN_STYLE = Automatic;
				CURRENT_PROJECT_VERSION = 1;
				DEVELOPMENT_TEAM = 9RK5649GTL;
				GENERATE_INFOPLIST_FILE = YES;
				MARKETING_VERSION = 1.0;
				PRODUCT_BUNDLE_IDENTIFIER = clc.ClassmateAppGruperUITests;
				PRODUCT_NAME = "$(TARGET_NAME)";
				SWIFT_EMIT_LOC_STRINGS = NO;
				SWIFT_VERSION = 5.0;
				TARGETED_DEVICE_FAMILY = "1,2";
				TEST_TARGET_NAME = ClassmateAppGruper;
			};
			name = Debug;
		};
		FA665B692CAD737600095C39 /* Release */ = {
			isa = XCBuildConfiguration;
			buildSettings = {
				CODE_SIGN_STYLE = Automatic;
				CURRENT_PROJECT_VERSION = 1;
				DEVELOPMENT_TEAM = 9RK5649GTL;
				GENERATE_INFOPLIST_FILE = YES;
				MARKETING_VERSION = 1.0;
				PRODUCT_BUNDLE_IDENTIFIER = clc.ClassmateAppGruperUITests;
				PRODUCT_NAME = "$(TARGET_NAME)";
				SWIFT_EMIT_LOC_STRINGS = NO;
				SWIFT_VERSION = 5.0;
				TARGETED_DEVICE_FAMILY = "1,2";
				TEST_TARGET_NAME = ClassmateAppGruper;
			};
			name = Release;
		};
/* End XCBuildConfiguration section */

/* Begin XCConfigurationList section */
		FA665B2E2CAD737300095C39 /* Build configuration list for PBXProject "ClassmateAppGruper" */ = {
			isa = XCConfigurationList;
			buildConfigurations = (
				FA665B622CAD737600095C39 /* Debug */,
				FA665B632CAD737600095C39 /* Release */,
			);
			defaultConfigurationIsVisible = 0;
			defaultConfigurationName = Release;
		};
		FA665B5F2CAD737600095C39 /* Build configuration list for PBXNativeTarget "ClassmateAppGruper" */ = {
			isa = XCConfigurationList;
			buildConfigurations = (
				FA665B602CAD737600095C39 /* Debug */,
				FA665B612CAD737600095C39 /* Release */,
			);
			defaultConfigurationIsVisible = 0;
			defaultConfigurationName = Release;
		};
		FA665B642CAD737600095C39 /* Build configuration list for PBXNativeTarget "ClassmateAppGruperTests" */ = {
			isa = XCConfigurationList;
			buildConfigurations = (
				FA665B652CAD737600095C39 /* Debug */,
				FA665B662CAD737600095C39 /* Release */,
			);
			defaultConfigurationIsVisible = 0;
			defaultConfigurationName = Release;
		};
		FA665B672CAD737600095C39 /* Build configuration list for PBXNativeTarget "ClassmateAppGruperUITests" */ = {
			isa = XCConfigurationList;
			buildConfigurations = (
				FA665B682CAD737600095C39 /* Debug */,
				FA665B692CAD737600095C39 /* Release */,
			);
			defaultConfigurationIsVisible = 0;
			defaultConfigurationName = Release;
		};
/* End XCConfigurationList section */
	};
	rootObject = FA665B2B2CAD737300095C39 /* Project object */;
}
